
Microsoft Visual Studio Solution File, Format Version 12.00
# Visual Studio Version 17
VisualStudioVersion = 17.2.32526.322
MinimumVisualStudioVersion = 10.0.40219.1
Project("{FAE04EC0-301F-11D3-BF4B-00C04F79EFBC}") = "To Do List", "To Do List\To Do List.csproj", "{733EC050-FDD5-4D34-B386-7693B48B7D40}"
EndProject
Global
	GlobalSection(SolutionConfigurationPlatforms) = preSolution
		Debug|Any CPU = Debug|Any CPU
		Release|Any CPU = Release|Any CPU
	EndGlobalSection
	GlobalSection(ProjectConfigurationPlatforms) = postSolution
		{733EC050-FDD5-4D34-B386-7693B48B7D40}.Debug|Any CPU.ActiveCfg = Debug|Any CPU
		{733EC050-FDD5-4D34-B386-7693B48B7D40}.Debug|Any CPU.Build.0 = Debug|Any CPU
		{733EC050-FDD5-4D34-B386-7693B48B7D40}.Release|Any CPU.ActiveCfg = Release|Any CPU
		{733EC050-FDD5-4D34-B386-7693B48B7D40}.Release|Any CPU.Build.0 = Release|Any CPU
	EndGlobalSection
	GlobalSection(SolutionProperties) = preSolution
		HideSolutionNode = FALSE
	EndGlobalSection
	GlobalSection(ExtensibilityGlobals) = postSolution
		SolutionGuid = {8AE2B8A2-10DC-45BC-9570-A83924F2CA14}
	EndGlobalSection
EndGlobal
